
Microsoft Visual Studio Solution File, Format Version 12.00
# Visual Studio Version 16
VisualStudioVersion = 16.0.29509.3
MinimumVisualStudioVersion = 10.0.40219.1
Project("{FAE04EC0-301F-11D3-BF4B-00C04F79EFBC}") = "Colors", "Colors\Colors.csproj", "{BCEB37A1-ACB3-4D64-BBFB-C22002554207}"
EndProject
Global
	GlobalSection(SolutionConfigurationPlatforms) = preSolution
		Debug|Any CPU = Debug|Any CPU
		Release|Any CPU = Release|Any CPU
	EndGlobalSection
	GlobalSection(ProjectConfigurationPlatforms) = postSolution
		{BCEB37A1-ACB3-4D64-BBFB-C22002554207}.Debug|Any CPU.ActiveCfg = Debug|Any CPU
		{BCEB37A1-ACB3-4D64-BBFB-C22002554207}.Debug|Any CPU.Build.0 = Debug|Any CPU
		{BCEB37A1-ACB3-4D64-BBFB-C22002554207}.Release|Any CPU.ActiveCfg = Release|Any CPU
		{BCEB37A1-ACB3-4D64-BBFB-C22002554207}.Release|Any CPU.Build.0 = Release|Any CPU
	EndGlobalSection
	GlobalSection(SolutionProperties) = preSolution
		HideSolutionNode = FALSE
	EndGlobalSection
	GlobalSection(ExtensibilityGlobals) = postSolution
		SolutionGuid = {3BD67877-3C8A-4C04-A624-8807756B8089}
	EndGlobalSection
EndGlobal
